
Microsoft Visual Studio Solution File, Format Version 12.00
# Visual Studio Version 16
VisualStudioVersion = 16.0.31424.327
MinimumVisualStudioVersion = 10.0.40219.1
Project("{FAE04EC0-301F-11D3-BF4B-00C04F79EFBC}") = "CRUDDeMusicas", "CRUDDeMusicas\CRUDDeMusicas.csproj", "{6515106D-0CD3-4145-9739-9E050ED08BA3}"
EndProject
Global
	GlobalSection(SolutionConfigurationPlatforms) = preSolution
		Debug|Any CPU = Debug|Any CPU
		Release|Any CPU = Release|Any CPU
	EndGlobalSection
	GlobalSection(ProjectConfigurationPlatforms) = postSolution
		{6515106D-0CD3-4145-9739-9E050ED08BA3}.Debug|Any CPU.ActiveCfg = Debug|Any CPU
		{6515106D-0CD3-4145-9739-9E050ED08BA3}.Debug|Any CPU.Build.0 = Debug|Any CPU
		{6515106D-0CD3-4145-9739-9E050ED08BA3}.Release|Any CPU.ActiveCfg = Release|Any CPU
		{6515106D-0CD3-4145-9739-9E050ED08BA3}.Release|Any CPU.Build.0 = Release|Any CPU
	EndGlobalSection
	GlobalSection(SolutionProperties) = preSolution
		HideSolutionNode = FALSE
	EndGlobalSection
	GlobalSection(ExtensibilityGlobals) = postSolution
		SolutionGuid = {C9C9BE93-9BCD-49A1-8BCF-A4AB41757385}
	EndGlobalSection
EndGlobal
